{
  "projects": [
    {
      "projectId": "k6BnBuAUepzRX8Qs2WvkKs",
      "version": "0.3.0",
      "dependencies": {},
      "lang": "ts",
      "fileLocks": [
        {
          "assetId": "k6BnBuAUepzRX8Qs2WvkKs",
          "type": "projectCss",
          "checksum": "e1ec850476829c38b0f9b6d4f7ac446a"
        }
      ],
      "codegenVersion": "0.0.1"
    },
    {
      "projectId": "ohDidvG9XsCeFumugENU3J",
      "version": "6.20.0",
      "dependencies": {},
      "lang": "ts",
      "fileLocks": [
        {
          "assetId": "ohDidvG9XsCeFumugENU3J",
          "type": "projectCss",
          "checksum": "fd83b730367fdbde2c69bc6cf31c2a3c"
        },
        {
          "assetId": "ohDidvG9XsCeFumugENU3J",
          "checksum": "de0a0e65174a6a185a8f822af51c6bdd",
          "type": "globalContexts"
        }
      ],
      "codegenVersion": "0.0.1"
    },
    {
      "projectId": "7T82rs8ypY1wyRtbq2WyBY",
      "version": "latest",
      "dependencies": {
        "ohDidvG9XsCeFumugENU3J": "6.20.0",
        "k6BnBuAUepzRX8Qs2WvkKs": "0.3.0"
      },
      "lang": "ts",
      "fileLocks": [
        {
          "type": "globalVariant",
          "assetId": "EHjSvHUYnTHF",
          "checksum": "4f99579cb0926521c4421bb0812325a5"
        },
        {
          "assetId": "7T82rs8ypY1wyRtbq2WyBY",
          "type": "projectCss",
          "checksum": "f8c71bd0d086998b97ce90aad3f5e4d0"
        },
        {
          "assetId": "7T82rs8ypY1wyRtbq2WyBY",
          "checksum": "81ec79f1c0a0b1c7308473a1ac6aab43",
          "type": "globalContexts"
        },
        {
          "type": "renderModule",
          "assetId": "ZCnCrvBpaJY6",
          "checksum": "fc0c292bafc5d5c8eb4e7768181f2412"
        },
        {
          "type": "cssRules",
          "assetId": "ZCnCrvBpaJY6",
          "checksum": "fc0c292bafc5d5c8eb4e7768181f2412"
        },
        {
          "type": "renderModule",
          "assetId": "Q1osv0uQLlR_",
          "checksum": "a59f6553baf6fe4edf182ad2c9a4d849"
        },
        {
          "type": "cssRules",
          "assetId": "Q1osv0uQLlR_",
          "checksum": "a59f6553baf6fe4edf182ad2c9a4d849"
        },
        {
          "type": "renderModule",
          "assetId": "Er12I7MJeWtx",
          "checksum": "6cc7e9480de1efcf1117c91ad46fb4a4"
        },
        {
          "type": "cssRules",
          "assetId": "Er12I7MJeWtx",
          "checksum": "6cc7e9480de1efcf1117c91ad46fb4a4"
        },
        {
          "type": "renderModule",
          "assetId": "CSUX_8mvNst4",
          "checksum": "819526558bb79b8323427da569afeba1"
        },
        {
          "type": "cssRules",
          "assetId": "CSUX_8mvNst4",
          "checksum": "819526558bb79b8323427da569afeba1"
        },
        {
          "type": "renderModule",
          "assetId": "WSnNuCF1n7hy",
          "checksum": "806286f18cfcf0e81d425c3a3f4bfb0f"
        },
        {
          "type": "cssRules",
          "assetId": "WSnNuCF1n7hy",
          "checksum": "806286f18cfcf0e81d425c3a3f4bfb0f"
        },
        {
          "type": "renderModule",
          "assetId": "iiJ6hU_FCbOK",
          "checksum": "98d79298fb0eb5a1516684359e7cd80d"
        },
        {
          "type": "cssRules",
          "assetId": "iiJ6hU_FCbOK",
          "checksum": "98d79298fb0eb5a1516684359e7cd80d"
        },
        {
          "type": "renderModule",
          "assetId": "CDCexgZSPKC3",
          "checksum": "614456fc92f50a8512a684e344d399d4"
        },
        {
          "type": "cssRules",
          "assetId": "CDCexgZSPKC3",
          "checksum": "614456fc92f50a8512a684e344d399d4"
        },
        {
          "type": "renderModule",
          "assetId": "2O9ZZbxP-nVl",
          "checksum": "c17d004abc598a21c08e3f5d77de635d"
        },
        {
          "type": "cssRules",
          "assetId": "2O9ZZbxP-nVl",
          "checksum": "c17d004abc598a21c08e3f5d77de635d"
        },
        {
          "type": "renderModule",
          "assetId": "UkMvJqKXxZBY",
          "checksum": "2e63ebbe99f5149a5187cd28538893d3"
        },
        {
          "type": "cssRules",
          "assetId": "UkMvJqKXxZBY",
          "checksum": "2e63ebbe99f5149a5187cd28538893d3"
        },
        {
          "type": "renderModule",
          "assetId": "172Yx6cii6FJ",
          "checksum": "eb32afa19d4b409025272687ddfbf7c8"
        },
        {
          "type": "cssRules",
          "assetId": "172Yx6cii6FJ",
          "checksum": "eb32afa19d4b409025272687ddfbf7c8"
        },
        {
          "type": "renderModule",
          "assetId": "FV1gqUI1BFcU",
          "checksum": "39f20d70268f1b657a4a7f54518b81e1"
        },
        {
          "type": "cssRules",
          "assetId": "FV1gqUI1BFcU",
          "checksum": "39f20d70268f1b657a4a7f54518b81e1"
        },
        {
          "type": "icon",
          "assetId": "YZW6D8H-r20r",
          "checksum": "82f2aa3ddfccd71757f09ebcb3a42ff1"
        },
        {
          "type": "icon",
          "assetId": "flm5jh6SIaCK",
          "checksum": "5ca5356e083a1089837c69cce1dbb3db"
        },
        {
          "type": "icon",
          "assetId": "WWciTFaavqMj",
          "checksum": "bbf94421b83a210d3ad8616be7a5ad6c"
        },
        {
          "type": "icon",
          "assetId": "lq3Ujgm15KtO",
          "checksum": "a399542d9fb75abc936f92d72aba9c07"
        },
        {
          "type": "icon",
          "assetId": "F2HOaAmiycqq",
          "checksum": "4c6efd692296fe080765922f4ffee44c"
        },
        {
          "type": "image",
          "assetId": "_CQGhHnQKvSw",
          "checksum": "b980cb9a6aef4933d206de549e985045"
        }
      ],
      "codegenVersion": "0.0.1"
    }
  ],
  "cliVersion": "0.1.327"
}
